
Microsoft Visual Studio Solution File, Format Version 12.00
# Visual Studio 14
VisualStudioVersion = 14.0.23107.0
MinimumVisualStudioVersion = 10.0.40219.1
Project("{F184B08F-C81C-45F6-A57F-5ABD9991F28F}") = "aplikasikasir", "aplikasikasir\aplikasikasir.vbproj", "{35661A75-5752-4BD1-B895-51BDC05E8815}"
EndProject
Global
	GlobalSection(SolutionConfigurationPlatforms) = preSolution
		Debug|Any CPU = Debug|Any CPU
		Release|Any CPU = Release|Any CPU
	EndGlobalSection
	GlobalSection(ProjectConfigurationPlatforms) = postSolution
		{35661A75-5752-4BD1-B895-51BDC05E8815}.Debug|Any CPU.ActiveCfg = Debug|Any CPU
		{35661A75-5752-4BD1-B895-51BDC05E8815}.Debug|Any CPU.Build.0 = Debug|Any CPU
		{35661A75-5752-4BD1-B895-51BDC05E8815}.Release|Any CPU.ActiveCfg = Release|Any CPU
		{35661A75-5752-4BD1-B895-51BDC05E8815}.Release|Any CPU.Build.0 = Release|Any CPU
	EndGlobalSection
	GlobalSection(SolutionProperties) = preSolution
		HideSolutionNode = FALSE
	EndGlobalSection
EndGlobal
